{
  "version": "5",
  "specifiers": {
    "jsr:@std/assert@*": "1.0.19",
    "jsr:@std/internal@^1.0.12": "1.0.14"
  },
  "jsr": {
    "@std/assert@1.0.19": {
      "integrity": "eaada96ee120cb980bc47e040f82814d786fe8162ecc53c91d8df60b8755991e",
      "dependencies": [
        "jsr:@std/internal"
      ]
    },
    "@std/internal@1.0.14": {
      "integrity": "291516b3d4c35024d6ffbc0a9df5bf4c64116e05b50012cf846710152d2ffdf7"
    }
  },
  "remote": {
    "https://esm.sh/@supabase/supabase-js@2.105.4": "92cda3ff3af2e241766bc1d53b87167b4d6376d43a0e2f31ddcd6d41a58d09f9"
  },
  "workspace": {
    "packageJson": {
      "dependencies": [
        "npm:@playwright/test@^1.60.0",
        "npm:@supabase/supabase-js@^2.105.4",
        "npm:@tailwindcss/forms@~0.5.11",
        "npm:@tailwindcss/typography@~0.5.19",
        "npm:@types/node@^22.19.19",
        "npm:@vitejs/plugin-react@^5.2.0",
        "npm:autoprefixer@^10.4.20",
        "npm:dompurify@^3.4.3",
        "npm:marked@^15.0.12",
        "npm:postcss@^8.4.49",
        "npm:react-dom@^19.2.6",
        "npm:react@^19.2.6",
        "npm:tailwindcss@^3.4.17",
        "npm:typescript@~5.8.3",
        "npm:vite@^6.4.2"
      ]
    }
  }
}
